
Microsoft Visual Studio Solution File, Format Version 12.00
# Visual Studio Version 16
VisualStudioVersion = 16.0.32002.261
MinimumVisualStudioVersion = 10.0.40219.1
Project("{FAE04EC0-301F-11D3-BF4B-00C04F79EFBC}") = "LR", "LR\LR.csproj", "{3E13B83A-DB56-45B3-9466-FA0DBFD9B59E}"
EndProject
Global
	GlobalSection(SolutionConfigurationPlatforms) = preSolution
		Debug|Any CPU = Debug|Any CPU
		Release|Any CPU = Release|Any CPU
	EndGlobalSection
	GlobalSection(ProjectConfigurationPlatforms) = postSolution
		{3E13B83A-DB56-45B3-9466-FA0DBFD9B59E}.Debug|Any CPU.ActiveCfg = Debug|Any CPU
		{3E13B83A-DB56-45B3-9466-FA0DBFD9B59E}.Debug|Any CPU.Build.0 = Debug|Any CPU
		{3E13B83A-DB56-45B3-9466-FA0DBFD9B59E}.Release|Any CPU.ActiveCfg = Release|Any CPU
		{3E13B83A-DB56-45B3-9466-FA0DBFD9B59E}.Release|Any CPU.Build.0 = Release|Any CPU
	EndGlobalSection
	GlobalSection(SolutionProperties) = preSolution
		HideSolutionNode = FALSE
	EndGlobalSection
	GlobalSection(ExtensibilityGlobals) = postSolution
		SolutionGuid = {4657DC87-53E4-40EF-83DB-0A86775ADCC1}
	EndGlobalSection
EndGlobal
